
Microsoft Visual Studio Solution File, Format Version 12.00
# Visual Studio 15
VisualStudioVersion = 15.0.28307.1000
MinimumVisualStudioVersion = 10.0.40219.1
Project("{FAE04EC0-301F-11D3-BF4B-00C04F79EFBC}") = "SharePoint-Example", "SharePoint-Example\SharePoint-Example.csproj", "{02D23334-A919-44B6-ABFB-7EADC5BCF6CF}"
EndProject
Global
	GlobalSection(SolutionConfigurationPlatforms) = preSolution
		Debug|Any CPU = Debug|Any CPU
		Release|Any CPU = Release|Any CPU
	EndGlobalSection
	GlobalSection(ProjectConfigurationPlatforms) = postSolution
		{02D23334-A919-44B6-ABFB-7EADC5BCF6CF}.Debug|Any CPU.ActiveCfg = Debug|Any CPU
		{02D23334-A919-44B6-ABFB-7EADC5BCF6CF}.Debug|Any CPU.Build.0 = Debug|Any CPU
		{02D23334-A919-44B6-ABFB-7EADC5BCF6CF}.Release|Any CPU.ActiveCfg = Release|Any CPU
		{02D23334-A919-44B6-ABFB-7EADC5BCF6CF}.Release|Any CPU.Build.0 = Release|Any CPU
	EndGlobalSection
	GlobalSection(SolutionProperties) = preSolution
		HideSolutionNode = FALSE
	EndGlobalSection
	GlobalSection(ExtensibilityGlobals) = postSolution
		SolutionGuid = {A7B98C38-DAF2-4A2B-8E04-AEAA4CA0A8EF}
	EndGlobalSection
EndGlobal
